{
  "originHash" : "f37c1cf40f0044ecda33b95d7537821b697b271c90e745d5d103766f664e195f",
  "pins" : [
    {
      "identity" : "swift-safe-pointer",
      "kind" : "remoteSourceControl",
      "location" : "https://github.com/RougeWare/Swift-Safe-Pointer",
      "state" : {
        "revision" : "a71a39d19275d90e13f362c3d23163dc41318d85",
        "version" : "2.1.3"
      }
    }
  ],
  "version" : 3
}
